
Microsoft Visual Studio Solution File, Format Version 12.00
# Visual Studio Version 16
VisualStudioVersion = 16.0.30717.126
MinimumVisualStudioVersion = 10.0.40219.1
Project("{FAE04EC0-301F-11D3-BF4B-00C04F79EFBC}") = "MeguminReactions", "MeguminReactions\MeguminReactions.csproj", "{A86505B1-4DF2-4E6D-895C-4456B5436EA6}"
EndProject
Global
	GlobalSection(SolutionConfigurationPlatforms) = preSolution
		Debug|Any CPU = Debug|Any CPU
		Release|Any CPU = Release|Any CPU
	EndGlobalSection
	GlobalSection(ProjectConfigurationPlatforms) = postSolution
		{A86505B1-4DF2-4E6D-895C-4456B5436EA6}.Debug|Any CPU.ActiveCfg = Debug|Any CPU
		{A86505B1-4DF2-4E6D-895C-4456B5436EA6}.Debug|Any CPU.Build.0 = Debug|Any CPU
		{A86505B1-4DF2-4E6D-895C-4456B5436EA6}.Release|Any CPU.ActiveCfg = Release|Any CPU
		{A86505B1-4DF2-4E6D-895C-4456B5436EA6}.Release|Any CPU.Build.0 = Release|Any CPU
	EndGlobalSection
	GlobalSection(SolutionProperties) = preSolution
		HideSolutionNode = FALSE
	EndGlobalSection
	GlobalSection(ExtensibilityGlobals) = postSolution
		SolutionGuid = {83150F5C-A80C-4EC7-A55B-E9EEAF91F74E}
	EndGlobalSection
EndGlobal
